{
  "name": "models",
  "lockfileVersion": 2,
  "requires": true,
  "packages": {
    "": {
      "dependencies": {
        "lt": "^0.3.3"
      }
    },
    "node_modules/lt": {
      "version": "0.3.3",
      "resolved": "https://registry.npmjs.org/lt/-/lt-0.3.3.tgz",
      "integrity": "sha512-8/OMsy1P4K6bpw/T0UU0UimMnyqTU8ppGPWZeWOndrGCcljLAy7YX3fmnIacpcSHyByjcMVBF6NzuKhI4ACnhQ=="
    }
  },
  "dependencies": {
    "lt": {
      "version": "0.3.3",
      "resolved": "https://registry.npmjs.org/lt/-/lt-0.3.3.tgz",
      "integrity": "sha512-8/OMsy1P4K6bpw/T0UU0UimMnyqTU8ppGPWZeWOndrGCcljLAy7YX3fmnIacpcSHyByjcMVBF6NzuKhI4ACnhQ=="
    }
  }
}
